
Microsoft Visual Studio Solution File, Format Version 12.00
# Visual Studio Version 17
VisualStudioVersion = 17.3.32901.215
MinimumVisualStudioVersion = 10.0.40219.1
Project("{FAE04EC0-301F-11D3-BF4B-00C04F79EFBC}") = "HouseHoldItems", "HouseHoldItems\HouseHoldItems.csproj", "{61A491A4-272B-4192-A29E-1AE4CE5D8F46}"
EndProject
Global
	GlobalSection(SolutionConfigurationPlatforms) = preSolution
		Debug|Any CPU = Debug|Any CPU
		Release|Any CPU = Release|Any CPU
	EndGlobalSection
	GlobalSection(ProjectConfigurationPlatforms) = postSolution
		{61A491A4-272B-4192-A29E-1AE4CE5D8F46}.Debug|Any CPU.ActiveCfg = Debug|Any CPU
		{61A491A4-272B-4192-A29E-1AE4CE5D8F46}.Debug|Any CPU.Build.0 = Debug|Any CPU
		{61A491A4-272B-4192-A29E-1AE4CE5D8F46}.Release|Any CPU.ActiveCfg = Release|Any CPU
		{61A491A4-272B-4192-A29E-1AE4CE5D8F46}.Release|Any CPU.Build.0 = Release|Any CPU
	EndGlobalSection
	GlobalSection(SolutionProperties) = preSolution
		HideSolutionNode = FALSE
	EndGlobalSection
	GlobalSection(ExtensibilityGlobals) = postSolution
		SolutionGuid = {F609EE3D-450A-4C35-AF6C-B2FCB5C75D16}
	EndGlobalSection
EndGlobal
